
Microsoft Visual Studio Solution File, Format Version 12.00
# Visual Studio Version 17
VisualStudioVersion = 17.4.33205.214
MinimumVisualStudioVersion = 10.0.40219.1
Project("{FAE04EC0-301F-11D3-BF4B-00C04F79EFBC}") = "Email_Crud", "Email_Crud\Email_Crud.csproj", "{8E56E900-0FC4-4136-AA34-1307309B227C}"
EndProject
Global
	GlobalSection(SolutionConfigurationPlatforms) = preSolution
		Debug|Any CPU = Debug|Any CPU
		Release|Any CPU = Release|Any CPU
	EndGlobalSection
	GlobalSection(ProjectConfigurationPlatforms) = postSolution
		{8E56E900-0FC4-4136-AA34-1307309B227C}.Debug|Any CPU.ActiveCfg = Debug|Any CPU
		{8E56E900-0FC4-4136-AA34-1307309B227C}.Debug|Any CPU.Build.0 = Debug|Any CPU
		{8E56E900-0FC4-4136-AA34-1307309B227C}.Release|Any CPU.ActiveCfg = Release|Any CPU
		{8E56E900-0FC4-4136-AA34-1307309B227C}.Release|Any CPU.Build.0 = Release|Any CPU
	EndGlobalSection
	GlobalSection(SolutionProperties) = preSolution
		HideSolutionNode = FALSE
	EndGlobalSection
	GlobalSection(ExtensibilityGlobals) = postSolution
		SolutionGuid = {1B6B5B55-39E4-4319-9781-B98128E7C52C}
	EndGlobalSection
EndGlobal
